
Microsoft Visual Studio Solution File, Format Version 12.00
# Visual Studio Version 17
VisualStudioVersion = 17.9.34728.123
MinimumVisualStudioVersion = 10.0.40219.1
Project("{9A19103F-16F7-4668-BE54-9A1E7A4F7556}") = "AccessToken_RefreshToken", "AccessToken_RefreshToken\AccessToken_RefreshToken.csproj", "{73EA1B0B-915A-45F7-A19B-E2C511F83DB8}"
EndProject
Project("{FAE04EC0-301F-11D3-BF4B-00C04F79EFBC}") = "Base", "Base\Base.csproj", "{7430691C-EA5F-46A2-A5F4-56B781D095F6}"
EndProject
Project("{FAE04EC0-301F-11D3-BF4B-00C04F79EFBC}") = "Identity", "Identity\Identity.csproj", "{09833EAA-FEA4-4A74-8F17-2CCE58B88ECC}"
EndProject
Global
	GlobalSection(SolutionConfigurationPlatforms) = preSolution
		Debug|Any CPU = Debug|Any CPU
		Release|Any CPU = Release|Any CPU
	EndGlobalSection
	GlobalSection(ProjectConfigurationPlatforms) = postSolution
		{73EA1B0B-915A-45F7-A19B-E2C511F83DB8}.Debug|Any CPU.ActiveCfg = Debug|Any CPU
		{73EA1B0B-915A-45F7-A19B-E2C511F83DB8}.Debug|Any CPU.Build.0 = Debug|Any CPU
		{73EA1B0B-915A-45F7-A19B-E2C511F83DB8}.Release|Any CPU.ActiveCfg = Release|Any CPU
		{73EA1B0B-915A-45F7-A19B-E2C511F83DB8}.Release|Any CPU.Build.0 = Release|Any CPU
		{7430691C-EA5F-46A2-A5F4-56B781D095F6}.Debug|Any CPU.ActiveCfg = Debug|Any CPU
		{7430691C-EA5F-46A2-A5F4-56B781D095F6}.Debug|Any CPU.Build.0 = Debug|Any CPU
		{7430691C-EA5F-46A2-A5F4-56B781D095F6}.Release|Any CPU.ActiveCfg = Release|Any CPU
		{7430691C-EA5F-46A2-A5F4-56B781D095F6}.Release|Any CPU.Build.0 = Release|Any CPU
		{09833EAA-FEA4-4A74-8F17-2CCE58B88ECC}.Debug|Any CPU.ActiveCfg = Debug|Any CPU
		{09833EAA-FEA4-4A74-8F17-2CCE58B88ECC}.Debug|Any CPU.Build.0 = Debug|Any CPU
		{09833EAA-FEA4-4A74-8F17-2CCE58B88ECC}.Release|Any CPU.ActiveCfg = Release|Any CPU
		{09833EAA-FEA4-4A74-8F17-2CCE58B88ECC}.Release|Any CPU.Build.0 = Release|Any CPU
	EndGlobalSection
	GlobalSection(SolutionProperties) = preSolution
		HideSolutionNode = FALSE
	EndGlobalSection
	GlobalSection(ExtensibilityGlobals) = postSolution
		SolutionGuid = {DD055B07-F62F-4ED0-934C-69AB6CC0808F}
	EndGlobalSection
EndGlobal
